Microsoft Visual Studio Solution File, Format Version 12.00
# Visual Studio 2013
Project("{FAE04EC0-301F-11D3-BF4B-00C04F79EFBC}") = "CustomListBoxPropertyEditor.Module.Win", "CustomListBoxPropertyEditor.Module.Win\CustomListBoxPropertyEditor.Module.Win.csproj", "{E4FFE561-D5AC-4823-A7D1-CD4738C86AC2}"
EndProject
Project("{FAE04EC0-301F-11D3-BF4B-00C04F79EFBC}") = "CustomListBoxPropertyEditor.Win", "CustomListBoxPropertyEditor.Win\CustomListBoxPropertyEditor.Win.csproj", "{917FF22C-B796-4B89-9331-A4E40639E907}"
EndProject
Global
	GlobalSection(SolutionConfigurationPlatforms) = preSolution
		Debug|Any CPU = Debug|Any CPU
		EasyTest|Any CPU = EasyTest|Any CPU
		Release|Any CPU = Release|Any CPU
	EndGlobalSection
	GlobalSection(ProjectConfigurationPlatforms) = postSolution
		{E4FFE561-D5AC-4823-A7D1-CD4738C86AC2}.Debug|Any CPU.ActiveCfg = Debug|Any CPU
		{E4FFE561-D5AC-4823-A7D1-CD4738C86AC2}.Debug|Any CPU.Build.0 = Debug|Any CPU
		{E4FFE561-D5AC-4823-A7D1-CD4738C86AC2}.EasyTest|Any CPU.ActiveCfg = EasyTest|Any CPU
		{E4FFE561-D5AC-4823-A7D1-CD4738C86AC2}.EasyTest|Any CPU.Build.0 = EasyTest|Any CPU
		{E4FFE561-D5AC-4823-A7D1-CD4738C86AC2}.Release|Any CPU.ActiveCfg = Release|Any CPU
		{E4FFE561-D5AC-4823-A7D1-CD4738C86AC2}.Release|Any CPU.Build.0 = Release|Any CPU
		{917FF22C-B796-4B89-9331-A4E40639E907}.Debug|Any CPU.ActiveCfg = Debug|Any CPU
		{917FF22C-B796-4B89-9331-A4E40639E907}.Debug|Any CPU.Build.0 = Debug|Any CPU
		{917FF22C-B796-4B89-9331-A4E40639E907}.EasyTest|Any CPU.ActiveCfg = EasyTest|Any CPU
		{917FF22C-B796-4B89-9331-A4E40639E907}.EasyTest|Any CPU.Build.0 = EasyTest|Any CPU
		{917FF22C-B796-4B89-9331-A4E40639E907}.Release|Any CPU.ActiveCfg = Release|Any CPU
		{917FF22C-B796-4B89-9331-A4E40639E907}.Release|Any CPU.Build.0 = Release|Any CPU
	EndGlobalSection
	GlobalSection(SolutionProperties) = preSolution
		HideSolutionNode = FALSE
	EndGlobalSection
EndGlobal
